
Microsoft Visual Studio Solution File, Format Version 12.00
# Visual Studio 2013
VisualStudioVersion = 12.0.21005.1
MinimumVisualStudioVersion = 10.0.40219.1
Project("{8BC9CEB8-8B4A-11D0-8D11-00A0C91BC942}") = "ComputeCrashTime", "ComputeCrashTime\ComputeCrashTime.vcxproj", "{F92D8474-6DE7-4B35-AC3E-E591207E055A}"
EndProject
Global
	GlobalSection(SolutionConfigurationPlatforms) = preSolution
		Debug|Win32 = Debug|Win32
		Release|Win32 = Release|Win32
	EndGlobalSection
	GlobalSection(ProjectConfigurationPlatforms) = postSolution
		{F92D8474-6DE7-4B35-AC3E-E591207E055A}.Debug|Win32.ActiveCfg = Debug|Win32
		{F92D8474-6DE7-4B35-AC3E-E591207E055A}.Debug|Win32.Build.0 = Debug|Win32
		{F92D8474-6DE7-4B35-AC3E-E591207E055A}.Release|Win32.ActiveCfg = Release|Win32
		{F92D8474-6DE7-4B35-AC3E-E591207E055A}.Release|Win32.Build.0 = Release|Win32
	EndGlobalSection
	GlobalSection(SolutionProperties) = preSolution
		HideSolutionNode = FALSE
	EndGlobalSection
EndGlobal
